
Microsoft Visual Studio Solution File, Format Version 12.00
Project("{2150E333-8FDC-42A3-9474-1A3956D46DE8}") = "deploy", "deploy", "{93691877-4E3C-4F45-835C-6BFBAFE28769}"
	ProjectSection(SolutionItems) = preProject
		deploy\docker-compose.yml = deploy\docker-compose.yml
	EndProjectSection
EndProject
Project("{2150E333-8FDC-42A3-9474-1A3956D46DE8}") = "src", "src", "{B14B1FE1-2072-4ECB-954F-9C62D346648D}"
EndProject
Project("{2150E333-8FDC-42A3-9474-1A3956D46DE8}") = "repo", "repo", "{B432F3C1-D01A-4F27-A566-B224BDC0FBD0}"
	ProjectSection(SolutionItems) = preProject
		.gitignore = .gitignore
		README.md = README.md
	EndProjectSection
EndProject
Project("{2150E333-8FDC-42A3-9474-1A3956D46DE8}") = "tests", "tests", "{AAC7EF47-29B5-47B5-A055-343F76B9AFC8}"
EndProject
Project("{2150E333-8FDC-42A3-9474-1A3956D46DE8}") = "api", "api", "{4D487A25-40FE-4AAB-BA73-5E43B62ADF3B}"
EndProject
Project("{FAE04EC0-301F-11D3-BF4B-00C04F79EFBC}") = "Otto.CityApi", "src\api\Otto.CityApi\Otto.CityApi.csproj", "{A71940B3-6B6E-40DB-BBED-263A2CFD178B}"
EndProject
Project("{2150E333-8FDC-42A3-9474-1A3956D46DE8}") = "storage", "storage", "{5B2FA754-2C1A-4207-9C5F-EB50ACAA8159}"
EndProject
Project("{2150E333-8FDC-42A3-9474-1A3956D46DE8}") = "di", "di", "{0D69F906-E05F-4F5A-A972-90470A3B8CCA}"
EndProject
Project("{FAE04EC0-301F-11D3-BF4B-00C04F79EFBC}") = "Otto.Storage.City", "src\storage\Otto.Storage.City\Otto.Storage.City.csproj", "{0DA04EF2-9CED-44DB-A78D-572725CF72AD}"
EndProject
Project("{FAE04EC0-301F-11D3-BF4B-00C04F79EFBC}") = "Otto.Storage.DI", "src\di\Otto.Storage.DI\Otto.Storage.DI.csproj", "{16944170-9B77-4364-BC09-B43D773449A7}"
EndProject
Project("{FAE04EC0-301F-11D3-BF4B-00C04F79EFBC}") = "Otto.WeatherApi", "src\api\Otto.WeatherApi\Otto.WeatherApi.csproj", "{3C03C6A1-80A9-4C9C-80A0-38E8404FF61A}"
EndProject
Project("{2150E333-8FDC-42A3-9474-1A3956D46DE8}") = "services", "services", "{202DD9B5-D063-49B9-8F12-45A36F45B04D}"
EndProject
Project("{FAE04EC0-301F-11D3-BF4B-00C04F79EFBC}") = "Otto.WeatherService", "src\services\Otto.WeatherService\Otto.WeatherService.csproj", "{F050DFD1-F5ED-4E77-82B3-3A1AB4533B79}"
EndProject
Project("{FAE04EC0-301F-11D3-BF4B-00C04F79EFBC}") = "Otto.Logger.DI", "src\di\Otto.Logger.DI\Otto.Logger.DI.csproj", "{659F7647-1290-413B-A2C2-9182D1FBE62A}"
EndProject
Project("{2150E333-8FDC-42A3-9474-1A3956D46DE8}") = "logstash", "logstash", "{D9A9B7CB-D2D6-4890-8123-AF20B1C31222}"
	ProjectSection(SolutionItems) = preProject
		deploy\logstash\logstash.conf = deploy\logstash\logstash.conf
	EndProjectSection
EndProject
Project("{2150E333-8FDC-42A3-9474-1A3956D46DE8}") = "proxy", "proxy", "{1C576265-1E19-47F5-9FC8-CD3EFBDACFFF}"
	ProjectSection(SolutionItems) = preProject
		deploy\proxy\Dockerfile = deploy\proxy\Dockerfile
		deploy\proxy\nginx.conf = deploy\proxy\nginx.conf
	EndProjectSection
EndProject
Global
	GlobalSection(SolutionConfigurationPlatforms) = preSolution
		Debug|Any CPU = Debug|Any CPU
		Release|Any CPU = Release|Any CPU
	EndGlobalSection
	GlobalSection(NestedProjects) = preSolution
		{4D487A25-40FE-4AAB-BA73-5E43B62ADF3B} = {B14B1FE1-2072-4ECB-954F-9C62D346648D}
		{A71940B3-6B6E-40DB-BBED-263A2CFD178B} = {4D487A25-40FE-4AAB-BA73-5E43B62ADF3B}
		{5B2FA754-2C1A-4207-9C5F-EB50ACAA8159} = {B14B1FE1-2072-4ECB-954F-9C62D346648D}
		{0D69F906-E05F-4F5A-A972-90470A3B8CCA} = {B14B1FE1-2072-4ECB-954F-9C62D346648D}
		{0DA04EF2-9CED-44DB-A78D-572725CF72AD} = {5B2FA754-2C1A-4207-9C5F-EB50ACAA8159}
		{16944170-9B77-4364-BC09-B43D773449A7} = {0D69F906-E05F-4F5A-A972-90470A3B8CCA}
		{3C03C6A1-80A9-4C9C-80A0-38E8404FF61A} = {4D487A25-40FE-4AAB-BA73-5E43B62ADF3B}
		{202DD9B5-D063-49B9-8F12-45A36F45B04D} = {B14B1FE1-2072-4ECB-954F-9C62D346648D}
		{F050DFD1-F5ED-4E77-82B3-3A1AB4533B79} = {202DD9B5-D063-49B9-8F12-45A36F45B04D}
		{659F7647-1290-413B-A2C2-9182D1FBE62A} = {0D69F906-E05F-4F5A-A972-90470A3B8CCA}
		{D9A9B7CB-D2D6-4890-8123-AF20B1C31222} = {93691877-4E3C-4F45-835C-6BFBAFE28769}
		{1C576265-1E19-47F5-9FC8-CD3EFBDACFFF} = {93691877-4E3C-4F45-835C-6BFBAFE28769}
	EndGlobalSection
	GlobalSection(ProjectConfigurationPlatforms) = postSolution
		{A71940B3-6B6E-40DB-BBED-263A2CFD178B}.Debug|Any CPU.ActiveCfg = Debug|Any CPU
		{A71940B3-6B6E-40DB-BBED-263A2CFD178B}.Debug|Any CPU.Build.0 = Debug|Any CPU
		{A71940B3-6B6E-40DB-BBED-263A2CFD178B}.Release|Any CPU.ActiveCfg = Release|Any CPU
		{A71940B3-6B6E-40DB-BBED-263A2CFD178B}.Release|Any CPU.Build.0 = Release|Any CPU
		{A71940B3-6B6E-40DB-BBED-263A2CFD178B}.Debug|Any CPU.Deploy.0 = Debug|Any CPU
		{0DA04EF2-9CED-44DB-A78D-572725CF72AD}.Debug|Any CPU.ActiveCfg = Debug|Any CPU
		{0DA04EF2-9CED-44DB-A78D-572725CF72AD}.Debug|Any CPU.Build.0 = Debug|Any CPU
		{0DA04EF2-9CED-44DB-A78D-572725CF72AD}.Release|Any CPU.ActiveCfg = Release|Any CPU
		{0DA04EF2-9CED-44DB-A78D-572725CF72AD}.Release|Any CPU.Build.0 = Release|Any CPU
		{16944170-9B77-4364-BC09-B43D773449A7}.Debug|Any CPU.ActiveCfg = Debug|Any CPU
		{16944170-9B77-4364-BC09-B43D773449A7}.Debug|Any CPU.Build.0 = Debug|Any CPU
		{16944170-9B77-4364-BC09-B43D773449A7}.Release|Any CPU.ActiveCfg = Release|Any CPU
		{16944170-9B77-4364-BC09-B43D773449A7}.Release|Any CPU.Build.0 = Release|Any CPU
		{3C03C6A1-80A9-4C9C-80A0-38E8404FF61A}.Debug|Any CPU.ActiveCfg = Debug|Any CPU
		{3C03C6A1-80A9-4C9C-80A0-38E8404FF61A}.Debug|Any CPU.Build.0 = Debug|Any CPU
		{3C03C6A1-80A9-4C9C-80A0-38E8404FF61A}.Release|Any CPU.ActiveCfg = Release|Any CPU
		{3C03C6A1-80A9-4C9C-80A0-38E8404FF61A}.Release|Any CPU.Build.0 = Release|Any CPU
		{F050DFD1-F5ED-4E77-82B3-3A1AB4533B79}.Debug|Any CPU.ActiveCfg = Debug|Any CPU
		{F050DFD1-F5ED-4E77-82B3-3A1AB4533B79}.Debug|Any CPU.Build.0 = Debug|Any CPU
		{F050DFD1-F5ED-4E77-82B3-3A1AB4533B79}.Release|Any CPU.ActiveCfg = Release|Any CPU
		{F050DFD1-F5ED-4E77-82B3-3A1AB4533B79}.Release|Any CPU.Build.0 = Release|Any CPU
		{659F7647-1290-413B-A2C2-9182D1FBE62A}.Debug|Any CPU.ActiveCfg = Debug|Any CPU
		{659F7647-1290-413B-A2C2-9182D1FBE62A}.Debug|Any CPU.Build.0 = Debug|Any CPU
		{659F7647-1290-413B-A2C2-9182D1FBE62A}.Release|Any CPU.ActiveCfg = Release|Any CPU
		{659F7647-1290-413B-A2C2-9182D1FBE62A}.Release|Any CPU.Build.0 = Release|Any CPU
	EndGlobalSection
EndGlobal
